# This file was autogenerated by Stack.
# You should not edit this file by hand.
# For more information, please see the documentation at:
#   https://docs.haskellstack.org/en/stable/lock_files

packages:
- completed:
    hackage: extra-1.7@sha256:61cbeb4364497f4e3e0292b538b0a22ab52ae4081de86b5d0cac467a790d1da0,2754
    pantry-tree:
      size: 1828
      sha256: 9e706c9f60c9d7925cab47f25f134a0eb805a9375c55ff32b04c659f1ea26bef
  original:
    hackage: extra-1.7@sha256:61cbeb4364497f4e3e0292b538b0a22ab52ae4081de86b5d0cac467a790d1da0,2754
snapshots:
- completed:
    size: 491372
    url: https://raw.githubusercontent.com/commercialhaskell/stackage-snapshots/master/lts/15/2.yaml
    sha256: a98d091d911606d0d8adccbeb811b81bbd8cc2d888f99ef9e273350e8e9692a8
  original: lts-15.2
